
Microsoft Visual Studio Solution File, Format Version 12.00
# Visual Studio 2012
Project("{FAE04EC0-301F-11D3-BF4B-00C04F79EFBC}") = "Calendar", "Calendar.csproj", "{56671AEE-425B-410A-A432-14CBBBCABBC6}"
EndProject
Project("{FAE04EC0-301F-11D3-BF4B-00C04F79EFBC}") = "Calendar.Tests", "..\Calendar.Tests\Calendar.Tests.csproj", "{A95B3711-FCA9-43EF-BFC6-0E8A2862C4CD}"
EndProject
Global
	GlobalSection(SolutionConfigurationPlatforms) = preSolution
		Debug|Any CPU = Debug|Any CPU
		Release|Any CPU = Release|Any CPU
	EndGlobalSection
	GlobalSection(ProjectConfigurationPlatforms) = postSolution
		{56671AEE-425B-410A-A432-14CBBBCABBC6}.Debug|Any CPU.ActiveCfg = Debug|Any CPU
		{56671AEE-425B-410A-A432-14CBBBCABBC6}.Debug|Any CPU.Build.0 = Debug|Any CPU
		{56671AEE-425B-410A-A432-14CBBBCABBC6}.Release|Any CPU.ActiveCfg = Release|Any CPU
		{56671AEE-425B-410A-A432-14CBBBCABBC6}.Release|Any CPU.Build.0 = Release|Any CPU
		{A95B3711-FCA9-43EF-BFC6-0E8A2862C4CD}.Debug|Any CPU.ActiveCfg = Debug|Any CPU
		{A95B3711-FCA9-43EF-BFC6-0E8A2862C4CD}.Debug|Any CPU.Build.0 = Debug|Any CPU
		{A95B3711-FCA9-43EF-BFC6-0E8A2862C4CD}.Release|Any CPU.ActiveCfg = Release|Any CPU
		{A95B3711-FCA9-43EF-BFC6-0E8A2862C4CD}.Release|Any CPU.Build.0 = Release|Any CPU
	EndGlobalSection
	GlobalSection(SolutionProperties) = preSolution
		HideSolutionNode = FALSE
	EndGlobalSection
EndGlobal
